
Microsoft Visual Studio Solution File, Format Version 12.00
# Visual Studio 2017
Project("{FAE04EC0-301F-11D3-BF4B-00C04F79EFBC}") = "CS470-Molecule-Viewer", "CS470-Molecule-Viewer.csproj", "{511269D2-3FF4-BBD9-99BD-69ECE48CD8E5}"
EndProject
Project("{FAE04EC0-301F-11D3-BF4B-00C04F79EFBC}") = "CS470-Molecule-Viewer.Plugins", "CS470-Molecule-Viewer.Plugins.csproj", "{EB7A51EE-5C65-AB1E-4710-686228E94348}"
EndProject
Project("{FAE04EC0-301F-11D3-BF4B-00C04F79EFBC}") = "CS470-Molecule-Viewer.Editor", "CS470-Molecule-Viewer.Editor.csproj", "{0A416322-D65C-6F10-BAFC-941235F3795F}"
EndProject
Global
	GlobalSection(SolutionConfigurationPlatforms) = preSolution
		Debug|Any CPU = Debug|Any CPU
		Release|Any CPU = Release|Any CPU
	EndGlobalSection
	GlobalSection(ProjectConfigurationPlatforms) = postSolution
		{511269D2-3FF4-BBD9-99BD-69ECE48CD8E5}.Debug|Any CPU.ActiveCfg = Debug|Any CPU
		{511269D2-3FF4-BBD9-99BD-69ECE48CD8E5}.Debug|Any CPU.Build.0 = Debug|Any CPU
		{511269D2-3FF4-BBD9-99BD-69ECE48CD8E5}.Release|Any CPU.ActiveCfg = Release|Any CPU
		{511269D2-3FF4-BBD9-99BD-69ECE48CD8E5}.Release|Any CPU.Build.0 = Release|Any CPU
		{EB7A51EE-5C65-AB1E-4710-686228E94348}.Debug|Any CPU.ActiveCfg = Debug|Any CPU
		{EB7A51EE-5C65-AB1E-4710-686228E94348}.Debug|Any CPU.Build.0 = Debug|Any CPU
		{EB7A51EE-5C65-AB1E-4710-686228E94348}.Release|Any CPU.ActiveCfg = Release|Any CPU
		{EB7A51EE-5C65-AB1E-4710-686228E94348}.Release|Any CPU.Build.0 = Release|Any CPU
		{0A416322-D65C-6F10-BAFC-941235F3795F}.Debug|Any CPU.ActiveCfg = Debug|Any CPU
		{0A416322-D65C-6F10-BAFC-941235F3795F}.Debug|Any CPU.Build.0 = Debug|Any CPU
		{0A416322-D65C-6F10-BAFC-941235F3795F}.Release|Any CPU.ActiveCfg = Release|Any CPU
		{0A416322-D65C-6F10-BAFC-941235F3795F}.Release|Any CPU.Build.0 = Release|Any CPU
	EndGlobalSection
	GlobalSection(SolutionProperties) = preSolution
		HideSolutionNode = FALSE
	EndGlobalSection
EndGlobal
